
Microsoft Visual Studio Solution File, Format Version 12.00
# Visual Studio Version 16
VisualStudioVersion = 16.0.30128.74
MinimumVisualStudioVersion = 10.0.40219.1
Project("{FAE04EC0-301F-11D3-BF4B-00C04F79EFBC}") = "SelecaoBenner", "SelecaoBenner.csproj", "{D11874D2-98BC-4109-9A3C-809322D6A317}"
EndProject
Global
	GlobalSection(SolutionConfigurationPlatforms) = preSolution
		Debug|Any CPU = Debug|Any CPU
		Release|Any CPU = Release|Any CPU
	EndGlobalSection
	GlobalSection(ProjectConfigurationPlatforms) = postSolution
		{D11874D2-98BC-4109-9A3C-809322D6A317}.Debug|Any CPU.ActiveCfg = Debug|Any CPU
		{D11874D2-98BC-4109-9A3C-809322D6A317}.Debug|Any CPU.Build.0 = Debug|Any CPU
		{D11874D2-98BC-4109-9A3C-809322D6A317}.Release|Any CPU.ActiveCfg = Release|Any CPU
		{D11874D2-98BC-4109-9A3C-809322D6A317}.Release|Any CPU.Build.0 = Release|Any CPU
	EndGlobalSection
	GlobalSection(SolutionProperties) = preSolution
		HideSolutionNode = FALSE
	EndGlobalSection
	GlobalSection(ExtensibilityGlobals) = postSolution
		SolutionGuid = {C572ACDE-75DE-448F-97D4-116A4013B038}
	EndGlobalSection
EndGlobal
